{
  "requires": true,
  "lockfileVersion": 1,
  "dependencies": {
    "js-joda": {
      "version": "1.8.2",
      "resolved": "https://registry.npmjs.org/js-joda/-/js-joda-1.8.2.tgz",
      "integrity": "sha512-3w+3TnKqiplQyG/YQk31cBhJ/sg2Xb/fX7lneiK+z+nEjTzdfvHqJquJhtzyEA1NyLJKNpIeOQSBr3Q4nY+O8Q=="
    },
    "moment": {
      "version": "2.22.1",
      "resolved": "https://registry.npmjs.org/moment/-/moment-2.22.1.tgz",
      "integrity": "sha512-shJkRTSebXvsVqk56I+lkb2latjBs8I+pc2TzWc545y2iFnSjm7Wg0QMh+ZWcdSLQyGEau5jI8ocnmkyTgr9YQ=="
    }
  }
}
